
Microsoft Visual Studio Solution File, Format Version 12.00
# Visual Studio Version 17
VisualStudioVersion = 17.9.34728.123
MinimumVisualStudioVersion = 10.0.40219.1
Project("{9A19103F-16F7-4668-BE54-9A1E7A4F7556}") = "MauiTestApp", "src\MauiTestApp\MauiTestApp.csproj", "{6FFD51A1-E6CF-4E9A-8E1B-61431E4EB90F}"
EndProject
Project("{FAE04EC0-301F-11D3-BF4B-00C04F79EFBC}") = "CocoaHTTPServerBinding", "src\CocoaHTTPServerBinding\CocoaHTTPServerBinding.csproj", "{1C6C0F90-EC86-4753-996C-94C7222F2F64}"
EndProject
Global
	GlobalSection(SolutionConfigurationPlatforms) = preSolution
		Debug|Any CPU = Debug|Any CPU
		Release|Any CPU = Release|Any CPU
	EndGlobalSection
	GlobalSection(ProjectConfigurationPlatforms) = postSolution
		{6FFD51A1-E6CF-4E9A-8E1B-61431E4EB90F}.Debug|Any CPU.ActiveCfg = Debug|Any CPU
		{6FFD51A1-E6CF-4E9A-8E1B-61431E4EB90F}.Debug|Any CPU.Build.0 = Debug|Any CPU
		{6FFD51A1-E6CF-4E9A-8E1B-61431E4EB90F}.Debug|Any CPU.Deploy.0 = Debug|Any CPU
		{6FFD51A1-E6CF-4E9A-8E1B-61431E4EB90F}.Release|Any CPU.ActiveCfg = Release|Any CPU
		{6FFD51A1-E6CF-4E9A-8E1B-61431E4EB90F}.Release|Any CPU.Build.0 = Release|Any CPU
		{6FFD51A1-E6CF-4E9A-8E1B-61431E4EB90F}.Release|Any CPU.Deploy.0 = Release|Any CPU
		{1C6C0F90-EC86-4753-996C-94C7222F2F64}.Debug|Any CPU.ActiveCfg = Debug|Any CPU
		{1C6C0F90-EC86-4753-996C-94C7222F2F64}.Debug|Any CPU.Build.0 = Debug|Any CPU
		{1C6C0F90-EC86-4753-996C-94C7222F2F64}.Release|Any CPU.ActiveCfg = Release|Any CPU
		{1C6C0F90-EC86-4753-996C-94C7222F2F64}.Release|Any CPU.Build.0 = Release|Any CPU
	EndGlobalSection
	GlobalSection(SolutionProperties) = preSolution
		HideSolutionNode = FALSE
	EndGlobalSection
	GlobalSection(ExtensibilityGlobals) = postSolution
		SolutionGuid = {69178A36-EC0B-4B3B-B372-A40A1E277841}
	EndGlobalSection
EndGlobal
